// !$*UTF8*$!
{
	archiveVersion = 1;
	classes = {
	};
	objectVersion = 46;
	objects = {

/* Begin PBXBuildFile section */
		B31A8BF41C0D3A0B002E4344 /* Leo.framework in Frameworks */ = {isa = PBXBuildFile; fileRef = B31A8BF31C0D3A0B002E4344 /* Leo.framework */; };
		B31A8BF51C0D3A0B002E4344 /* Leo.framework in Embed Frameworks */ = {isa = PBXBuildFile; fileRef = B31A8BF31C0D3A0B002E4344 /* Leo.framework */; settings = {ATTRIBUTES = (CodeSignOnCopy, RemoveHeadersOnCopy, ); }; };
		B31C98F41B2E6ACE00E4CC4F /* Update.m in Sources */ = {isa = PBXBuildFile; fileRef = B31C98F31B2E6ACE00E4CC4F /* Update.m */; };
		B32ABB581AEF34320030DD3C /* YRSideViewController.m in Sources */ = {isa = PBXBuildFile; fileRef = B32ABB571AEF34320030DD3C /* YRSideViewController.m */; };
		B36B0C1E1AE29649000B4F7B /* LeftViewController.m in Sources */ = {isa = PBXBuildFile; fileRef = B36B0C1C1AE29649000B4F7B /* LeftViewController.m */; settings = {COMPILER_FLAGS = "-fno-objc-arc"; }; };
		B36DC11C1B68862200402EC5 /* MessageButton.m in Sources */ = {isa = PBXBuildFile; fileRef = B36DC1171B68862200402EC5 /* MessageButton.m */; };
		B36DC11D1B68862200402EC5 /* MessageClassButton.m in Sources */ = {isa = PBXBuildFile; fileRef = B36DC1191B68862200402EC5 /* MessageClassButton.m */; };
		B36DC11E1B68862200402EC5 /* MessageListButton.m in Sources */ = {isa = PBXBuildFile; fileRef = B36DC11B1B68862200402EC5 /* MessageListButton.m */; };
		B36DC1231B6888D000402EC5 /* Header.m in Sources */ = {isa = PBXBuildFile; fileRef = B36DC1221B6888D000402EC5 /* Header.m */; };
		B36DC1271B68B67500402EC5 /* MainViewController.m in Sources */ = {isa = PBXBuildFile; fileRef = B36DC1261B68B67500402EC5 /* MainViewController.m */; settings = {COMPILER_FLAGS = "-fno-objc-arc"; }; };
		B36DC13E1B704E6900402EC5 /* MessageListButtonNoCount.m in Sources */ = {isa = PBXBuildFile; fileRef = B36DC13D1B704E6900402EC5 /* MessageListButtonNoCount.m */; };
		B36DC1CF1B70AACF00402EC5 /* ExcelListTableViewController.m in Sources */ = {isa = PBXBuildFile; fileRef = B36DC1CE1B70AACF00402EC5 /* ExcelListTableViewController.m */; };
		B36DC1D21B71A38E00402EC5 /* NewsListTableViewController.m in Sources */ = {isa = PBXBuildFile; fileRef = B36DC1D11B71A38E00402EC5 /* NewsListTableViewController.m */; };
		B37248711B4B621200A4CE6D /* OAViewController.m in Sources */ = {isa = PBXBuildFile; fileRef = B37248701B4B621200A4CE6D /* OAViewController.m */; };
		B3732D061B12B45D001D1EFA /* titleBar_bg.png in Resources */ = {isa = PBXBuildFile; fileRef = B3732D051B12B45D001D1EFA /* titleBar_bg.png */; };
		B3732D081B12B620001D1EFA /* button_close.png in Resources */ = {isa = PBXBuildFile; fileRef = B3732D071B12B620001D1EFA /* button_close.png */; };
		B37CA1961AE1FD7800F42837 /* main.m in Sources */ = {isa = PBXBuildFile; fileRef = B37CA1951AE1FD7800F42837 /* main.m */; };
		B37CA1991AE1FD7800F42837 /* AppDelegate.m in Sources */ = {isa = PBXBuildFile; fileRef = B37CA1981AE1FD7800F42837 /* AppDelegate.m */; };
		B37CA19C1AE1FD7800F42837 /* yghy.xcdatamodeld in Sources */ = {isa = PBXBuildFile; fileRef = B37CA19A1AE1FD7800F42837 /* yghy.xcdatamodeld */; };
		B37CA1A21AE1FD7800F42837 /* Main.storyboard in Resources */ = {isa = PBXBuildFile; fileRef = B37CA1A01AE1FD7800F42837 /* Main.storyboard */; };
		B37CA1A71AE1FD7800F42837 /* LaunchScreen.xib in Resources */ = {isa = PBXBuildFile; fileRef = B37CA1A51AE1FD7800F42837 /* LaunchScreen.xib */; };
		B37CA1CA1AE1FEE800F42837 /* KeychainItemWrapper.m in Sources */ = {isa = PBXBuildFile; fileRef = B37CA1C91AE1FEE800F42837 /* KeychainItemWrapper.m */; settings = {COMPILER_FLAGS = "-fno-objc-arc"; }; };
		B37CA1CD1AE1FEF400F42837 /* LoginViewController.m in Sources */ = {isa = PBXBuildFile; fileRef = B37CA1CC1AE1FEF400F42837 /* LoginViewController.m */; settings = {COMPILER_FLAGS = "-fno-objc-arc"; }; };
		B37CA1CF1AE2005E00F42837 /* Images.xcassets in Resources */ = {isa = PBXBuildFile; fileRef = B37CA1CE1AE2005E00F42837 /* Images.xcassets */; };
		B37CA1D31AE2140D00F42837 /* IndexViewController.m in Sources */ = {isa = PBXBuildFile; fileRef = B37CA1D21AE2140D00F42837 /* IndexViewController.m */; };
		B3ADB6011C0D619600507791 /* Contact1.xcdatamodel in Sources */ = {isa = PBXBuildFile; fileRef = B3ADB6001C0D619600507791 /* Contact1.xcdatamodel */; };
		B3CB0DE51B82DBFF00C1CEAE /* CLLRefreshCircleView.m in Sources */ = {isa = PBXBuildFile; fileRef = B3CB0DDD1B82DBFF00C1CEAE /* CLLRefreshCircleView.m */; };
		B3CB0DE61B82DBFF00C1CEAE /* CLLRefreshFooterView.m in Sources */ = {isa = PBXBuildFile; fileRef = B3CB0DDF1B82DBFF00C1CEAE /* CLLRefreshFooterView.m */; };
		B3CB0DE71B82DBFF00C1CEAE /* CLLRefreshHeadController.m in Sources */ = {isa = PBXBuildFile; fileRef = B3CB0DE11B82DBFF00C1CEAE /* CLLRefreshHeadController.m */; };
		B3CB0DE81B82DBFF00C1CEAE /* CLLRefreshHeadView.m in Sources */ = {isa = PBXBuildFile; fileRef = B3CB0DE31B82DBFF00C1CEAE /* CLLRefreshHeadView.m */; };
		B3CB0DE91B82DBFF00C1CEAE /* ReadMe.strings in Resources */ = {isa = PBXBuildFile; fileRef = B3CB0DE41B82DBFF00C1CEAE /* ReadMe.strings */; };
/* End PBXBuildFile section */

/* Begin PBXCopyFilesBuildPhase section */
		B35B1BD31BAAA9D600458493 /* Embed Frameworks */ = {
			isa = PBXCopyFilesBuildPhase;
			buildActionMask = 2147483647;
			dstPath = "";
			dstSubfolderSpec = 10;
			files = (
				B31A8BF51C0D3A0B002E4344 /* Leo.framework in Embed Frameworks */,
			);
			name = "Embed Frameworks";
			runOnlyForDeploymentPostprocessing = 0;
		};
/* End PBXCopyFilesBuildPhase section */

/* Begin PBXFileReference section */
		B31A8BF31C0D3A0B002E4344 /* Leo.framework */ = {isa = PBXFileReference; lastKnownFileType = wrapper.framework; name = Leo.framework; path = ../Leo/Products/Leo.framework; sourceTree = "<group>"; };
		B31C98F21B2E6ACE00E4CC4F /* Update.h */ = {isa = PBXFileReference; fileEncoding = 4; lastKnownFileType = sourcecode.c.h; path = Update.h; sourceTree = "<group>"; };
		B31C98F31B2E6ACE00E4CC4F /* Update.m */ = {isa = PBXFileReference; fileEncoding = 4; lastKnownFileType = sourcecode.c.objc; path = Update.m; sourceTree = "<group>"; };
		B32ABB561AEF34320030DD3C /* YRSideViewController.h */ = {isa = PBXFileReference; fileEncoding = 4; lastKnownFileType = sourcecode.c.h; path = YRSideViewController.h; sourceTree = "<group>"; };
		B32ABB571AEF34320030DD3C /* YRSideViewController.m */ = {isa = PBXFileReference; fileEncoding = 4; lastKnownFileType = sourcecode.c.objc; path = YRSideViewController.m; sourceTree = "<group>"; };
		B36B0C1B1AE29649000B4F7B /* LeftViewController.h */ = {isa = PBXFileReference; fileEncoding = 4; lastKnownFileType = sourcecode.c.h; path = LeftViewController.h; sourceTree = "<group>"; };
		B36B0C1C1AE29649000B4F7B /* LeftViewController.m */ = {isa = PBXFileReference; fileEncoding = 4; lastKnownFileType = sourcecode.c.objc; path = LeftViewController.m; sourceTree = "<group>"; };
		B36DC1161B68862200402EC5 /* MessageButton.h */ = {isa = PBXFileReference; fileEncoding = 4; lastKnownFileType = sourcecode.c.h; path = MessageButton.h; sourceTree = "<group>"; };
		B36DC1171B68862200402EC5 /* MessageButton.m */ = {isa = PBXFileReference; fileEncoding = 4; lastKnownFileType = sourcecode.c.objc; path = MessageButton.m; sourceTree = "<group>"; };
		B36DC1181B68862200402EC5 /* MessageClassButton.h */ = {isa = PBXFileReference; fileEncoding = 4; lastKnownFileType = sourcecode.c.h; path = MessageClassButton.h; sourceTree = "<group>"; };
		B36DC1191B68862200402EC5 /* MessageClassButton.m */ = {isa = PBXFileReference; fileEncoding = 4; lastKnownFileType = sourcecode.c.objc; path = MessageClassButton.m; sourceTree = "<group>"; };
		B36DC11A1B68862200402EC5 /* MessageListButton.h */ = {isa = PBXFileReference; fileEncoding = 4; lastKnownFileType = sourcecode.c.h; path = MessageListButton.h; sourceTree = "<group>"; };
		B36DC11B1B68862200402EC5 /* MessageListButton.m */ = {isa = PBXFileReference; fileEncoding = 4; lastKnownFileType = sourcecode.c.objc; path = MessageListButton.m; sourceTree = "<group>"; };
		B36DC1221B6888D000402EC5 /* Header.m */ = {isa = PBXFileReference; fileEncoding = 4; lastKnownFileType = sourcecode.c.objc; path = Header.m; sourceTree = "<group>"; };
		B36DC1251B68B67500402EC5 /* MainViewController.h */ = {isa = PBXFileReference; fileEncoding = 4; lastKnownFileType = sourcecode.c.h; path = MainViewController.h; sourceTree = "<group>"; };
		B36DC1261B68B67500402EC5 /* MainViewController.m */ = {isa = PBXFileReference; fileEncoding = 4; lastKnownFileType = sourcecode.c.objc; path = MainViewController.m; sourceTree = "<group>"; };
		B36DC13C1B704E6900402EC5 /* MessageListButtonNoCount.h */ = {isa = PBXFileReference; fileEncoding = 4; lastKnownFileType = sourcecode.c.h; path = MessageListButtonNoCount.h; sourceTree = "<group>"; };
		B36DC13D1B704E6900402EC5 /* MessageListButtonNoCount.m */ = {isa = PBXFileReference; fileEncoding = 4; lastKnownFileType = sourcecode.c.objc; path = MessageListButtonNoCount.m; sourceTree = "<group>"; };
		B36DC1CD1B70AACF00402EC5 /* ExcelListTableViewController.h */ = {isa = PBXFileReference; fileEncoding = 4; lastKnownFileType = sourcecode.c.h; path = ExcelListTableViewController.h; sourceTree = "<group>"; };
		B36DC1CE1B70AACF00402EC5 /* ExcelListTableViewController.m */ = {isa = PBXFileReference; fileEncoding = 4; lastKnownFileType = sourcecode.c.objc; path = ExcelListTableViewController.m; sourceTree = "<group>"; };
		B36DC1D01B71A38E00402EC5 /* NewsListTableViewController.h */ = {isa = PBXFileReference; fileEncoding = 4; lastKnownFileType = sourcecode.c.h; path = NewsListTableViewController.h; sourceTree = "<group>"; };
		B36DC1D11B71A38E00402EC5 /* NewsListTableViewController.m */ = {isa = PBXFileReference; fileEncoding = 4; lastKnownFileType = sourcecode.c.objc; path = NewsListTableViewController.m; sourceTree = "<group>"; };
		B372486F1B4B621200A4CE6D /* OAViewController.h */ = {isa = PBXFileReference; fileEncoding = 4; lastKnownFileType = sourcecode.c.h; name = OAViewController.h; path = ../OAViewController.h; sourceTree = "<group>"; };
		B37248701B4B621200A4CE6D /* OAViewController.m */ = {isa = PBXFileReference; fileEncoding = 4; lastKnownFileType = sourcecode.c.objc; name = OAViewController.m; path = ../OAViewController.m; sourceTree = "<group>"; };
		B3732D051B12B45D001D1EFA /* titleBar_bg.png */ = {isa = PBXFileReference; lastKnownFileType = image.png; path = titleBar_bg.png; sourceTree = "<group>"; };
		B3732D071B12B620001D1EFA /* button_close.png */ = {isa = PBXFileReference; lastKnownFileType = image.png; path = button_close.png; sourceTree = "<group>"; };
		B37CA1901AE1FD7800F42837 /* 云港海运.app */ = {isa = PBXFileReference; explicitFileType = wrapper.application; includeInIndex = 0; path = "云港海运.app"; sourceTree = BUILT_PRODUCTS_DIR; };
		B37CA1941AE1FD7800F42837 /* Info.plist */ = {isa = PBXFileReference; lastKnownFileType = text.plist.xml; path = Info.plist; sourceTree = "<group>"; };
		B37CA1951AE1FD7800F42837 /* main.m */ = {isa = PBXFileReference; lastKnownFileType = sourcecode.c.objc; path = main.m; sourceTree = "<group>"; };
		B37CA1971AE1FD7800F42837 /* AppDelegate.h */ = {isa = PBXFileReference; lastKnownFileType = sourcecode.c.h; path = AppDelegate.h; sourceTree = "<group>"; };
		B37CA1981AE1FD7800F42837 /* AppDelegate.m */ = {isa = PBXFileReference; lastKnownFileType = sourcecode.c.objc; path = AppDelegate.m; sourceTree = "<group>"; };
		B37CA19B1AE1FD7800F42837 /* yghy.xcdatamodel */ = {isa = PBXFileReference; lastKnownFileType = wrapper.xcdatamodel; path = yghy.xcdatamodel; sourceTree = "<group>"; };
		B37CA1A11AE1FD7800F42837 /* Base */ = {isa = PBXFileReference; lastKnownFileType = file.storyboard; name = Base; path = Base.lproj/Main.storyboard; sourceTree = "<group>"; };
		B37CA1A61AE1FD7800F42837 /* Base */ = {isa = PBXFileReference; lastKnownFileType = file.xib; name = Base; path = Base.lproj/LaunchScreen.xib; sourceTree = "<group>"; };
		B37CA1B11AE1FD7800F42837 /* Info.plist */ = {isa = PBXFileReference; lastKnownFileType = text.plist.xml; path = Info.plist; sourceTree = "<group>"; };
		B37CA1B21AE1FD7800F42837 /* yghyTests.m */ = {isa = PBXFileReference; lastKnownFileType = sourcecode.c.objc; path = yghyTests.m; sourceTree = "<group>"; };
		B37CA1C81AE1FEE800F42837 /* KeychainItemWrapper.h */ = {isa = PBXFileReference; fileEncoding = 4; lastKnownFileType = sourcecode.c.h; path = KeychainItemWrapper.h; sourceTree = "<group>"; };
		B37CA1C91AE1FEE800F42837 /* KeychainItemWrapper.m */ = {isa = PBXFileReference; fileEncoding = 4; lastKnownFileType = sourcecode.c.objc; path = KeychainItemWrapper.m; sourceTree = "<group>"; };
		B37CA1CB1AE1FEF400F42837 /* LoginViewController.h */ = {isa = PBXFileReference; fileEncoding = 4; lastKnownFileType = sourcecode.c.h; path = LoginViewController.h; sourceTree = "<group>"; };
		B37CA1CC1AE1FEF400F42837 /* LoginViewController.m */ = {isa = PBXFileReference; fileEncoding = 4; lastKnownFileType = sourcecode.c.objc; path = LoginViewController.m; sourceTree = "<group>"; };
		B37CA1CE1AE2005E00F42837 /* Images.xcassets */ = {isa = PBXFileReference; lastKnownFileType = folder.assetcatalog; path = Images.xcassets; sourceTree = "<group>"; };
		B37CA1D01AE2012400F42837 /* Header.h */ = {isa = PBXFileReference; lastKnownFileType = sourcecode.c.h; path = Header.h; sourceTree = "<group>"; };
		B37CA1D11AE2140D00F42837 /* IndexViewController.h */ = {isa = PBXFileReference; fileEncoding = 4; lastKnownFileType = sourcecode.c.h; path = IndexViewController.h; sourceTree = "<group>"; };
		B37CA1D21AE2140D00F42837 /* IndexViewController.m */ = {isa = PBXFileReference; fileEncoding = 4; lastKnownFileType = sourcecode.c.objc; path = IndexViewController.m; sourceTree = "<group>"; };
		B3ADB6001C0D619600507791 /* Contact1.xcdatamodel */ = {isa = PBXFileReference; lastKnownFileType = wrapper.xcdatamodel; path = Contact1.xcdatamodel; sourceTree = "<group>"; };
		B3CB0DDC1B82DBFF00C1CEAE /* CLLRefreshCircleView.h */ = {isa = PBXFileReference; fileEncoding = 4; lastKnownFileType = sourcecode.c.h; path = CLLRefreshCircleView.h; sourceTree = "<group>"; };
		B3CB0DDD1B82DBFF00C1CEAE /* CLLRefreshCircleView.m */ = {isa = PBXFileReference; fileEncoding = 4; lastKnownFileType = sourcecode.c.objc; path = CLLRefreshCircleView.m; sourceTree = "<group>"; };
		B3CB0DDE1B82DBFF00C1CEAE /* CLLRefreshFooterView.h */ = {isa = PBXFileReference; fileEncoding = 4; lastKnownFileType = sourcecode.c.h; path = CLLRefreshFooterView.h; sourceTree = "<group>"; };
		B3CB0DDF1B82DBFF00C1CEAE /* CLLRefreshFooterView.m */ = {isa = PBXFileReference; fileEncoding = 4; lastKnownFileType = sourcecode.c.objc; path = CLLRefreshFooterView.m; sourceTree = "<group>"; };
		B3CB0DE01B82DBFF00C1CEAE /* CLLRefreshHeadController.h */ = {isa = PBXFileReference; fileEncoding = 4; lastKnownFileType = sourcecode.c.h; path = CLLRefreshHeadController.h; sourceTree = "<group>"; };
		B3CB0DE11B82DBFF00C1CEAE /* CLLRefreshHeadController.m */ = {isa = PBXFileReference; fileEncoding = 4; lastKnownFileType = sourcecode.c.objc; path = CLLRefreshHeadController.m; sourceTree = "<group>"; };
		B3CB0DE21B82DBFF00C1CEAE /* CLLRefreshHeadView.h */ = {isa = PBXFileReference; fileEncoding = 4; lastKnownFileType = sourcecode.c.h; path = CLLRefreshHeadView.h; sourceTree = "<group>"; };
		B3CB0DE31B82DBFF00C1CEAE /* CLLRefreshHeadView.m */ = {isa = PBXFileReference; fileEncoding = 4; lastKnownFileType = sourcecode.c.objc; path = CLLRefreshHeadView.m; sourceTree = "<group>"; };
		B3CB0DE41B82DBFF00C1CEAE /* ReadMe.strings */ = {isa = PBXFileReference; fileEncoding = 4; lastKnownFileType = text.plist.strings; path = ReadMe.strings; sourceTree = "<group>"; };
/* End PBXFileReference section */

/* Begin PBXFrameworksBuildPhase section */
		B37CA18D1AE1FD7800F42837 /* Frameworks */ = {
			isa = PBXFrameworksBuildPhase;
			buildActionMask = 2147483647;
			files = (
				B31A8BF41C0D3A0B002E4344 /* Leo.framework in Frameworks */,
			);
			runOnlyForDeploymentPostprocessing = 0;
		};
/* End PBXFrameworksBuildPhase section */

/* Begin PBXGroup section */
		B31C994A1B2E9B3F00E4CC4F /* Update */ = {
			isa = PBXGroup;
			children = (
				B31C98F21B2E6ACE00E4CC4F /* Update.h */,
				B31C98F31B2E6ACE00E4CC4F /* Update.m */,
			);
			name = Update;
			sourceTree = "<group>";
		};
		B33F5E901AE4EDDB0047BF73 /* YRSide */ = {
			isa = PBXGroup;
			children = (
				B32ABB561AEF34320030DD3C /* YRSideViewController.h */,
				B32ABB571AEF34320030DD3C /* YRSideViewController.m */,
			);
			name = YRSide;
			sourceTree = "<group>";
		};
		B36DC1151B68860F00402EC5 /* index */ = {
			isa = PBXGroup;
			children = (
				B37CA1D11AE2140D00F42837 /* IndexViewController.h */,
				B37CA1D21AE2140D00F42837 /* IndexViewController.m */,
				B36DC1161B68862200402EC5 /* MessageButton.h */,
				B36DC1171B68862200402EC5 /* MessageButton.m */,
				B36DC1181B68862200402EC5 /* MessageClassButton.h */,
				B36DC1191B68862200402EC5 /* MessageClassButton.m */,
				B36DC11A1B68862200402EC5 /* MessageListButton.h */,
				B36DC11B1B68862200402EC5 /* MessageListButton.m */,
				B36DC1251B68B67500402EC5 /* MainViewController.h */,
				B36DC1261B68B67500402EC5 /* MainViewController.m */,
				B36DC13C1B704E6900402EC5 /* MessageListButtonNoCount.h */,
				B36DC13D1B704E6900402EC5 /* MessageListButtonNoCount.m */,
			);
			name = index;
			sourceTree = "<group>";
		};
		B36DC1241B68B48C00402EC5 /* OA */ = {
			isa = PBXGroup;
			children = (
				B372486F1B4B621200A4CE6D /* OAViewController.h */,
				B37248701B4B621200A4CE6D /* OAViewController.m */,
			);
			name = OA;
			sourceTree = "<group>";
		};
		B36DC1281B68BEC800402EC5 /* News */ = {
			isa = PBXGroup;
			children = (
				B36DC1D01B71A38E00402EC5 /* NewsListTableViewController.h */,
				B36DC1D11B71A38E00402EC5 /* NewsListTableViewController.m */,
			);
			name = News;
			sourceTree = "<group>";
		};
		B36DC1BB1B70A9EC00402EC5 /* RefreshHeadView */ = {
			isa = PBXGroup;
			children = (
				B3CB0DDC1B82DBFF00C1CEAE /* CLLRefreshCircleView.h */,
				B3CB0DDD1B82DBFF00C1CEAE /* CLLRefreshCircleView.m */,
				B3CB0DDE1B82DBFF00C1CEAE /* CLLRefreshFooterView.h */,
				B3CB0DDF1B82DBFF00C1CEAE /* CLLRefreshFooterView.m */,
				B3CB0DE01B82DBFF00C1CEAE /* CLLRefreshHeadController.h */,
				B3CB0DE11B82DBFF00C1CEAE /* CLLRefreshHeadController.m */,
				B3CB0DE21B82DBFF00C1CEAE /* CLLRefreshHeadView.h */,
				B3CB0DE31B82DBFF00C1CEAE /* CLLRefreshHeadView.m */,
				B3CB0DE41B82DBFF00C1CEAE /* ReadMe.strings */,
			);
			path = RefreshHeadView;
			sourceTree = "<group>";
		};
		B36DC1CC1B70AA4500402EC5 /* Ship */ = {
			isa = PBXGroup;
			children = (
				B36DC1CD1B70AACF00402EC5 /* ExcelListTableViewController.h */,
				B36DC1CE1B70AACF00402EC5 /* ExcelListTableViewController.m */,
			);
			name = Ship;
			sourceTree = "<group>";
		};
		B37CA1871AE1FD7800F42837 = {
			isa = PBXGroup;
			children = (
				B31A8BF31C0D3A0B002E4344 /* Leo.framework */,
				B37CA1921AE1FD7800F42837 /* yghy */,
				B37CA1AF1AE1FD7800F42837 /* yghyTests */,
				B37CA1B01AE1FD7800F42837 /* Supporting Files */,
				B37CA1911AE1FD7800F42837 /* Products */,
			);
			sourceTree = "<group>";
		};
		B37CA1911AE1FD7800F42837 /* Products */ = {
			isa = PBXGroup;
			children = (
				B37CA1901AE1FD7800F42837 /* 云港海运.app */,
			);
			name = Products;
			sourceTree = "<group>";
		};
		B37CA1921AE1FD7800F42837 /* yghy */ = {
			isa = PBXGroup;
			children = (
				B36DC1CC1B70AA4500402EC5 /* Ship */,
				B36DC1281B68BEC800402EC5 /* News */,
				B36DC1241B68B48C00402EC5 /* OA */,
				B36DC1151B68860F00402EC5 /* index */,
				B37CA1BE1AE1FE0000F42837 /* Resource */,
				B37CA1971AE1FD7800F42837 /* AppDelegate.h */,
				B37CA1981AE1FD7800F42837 /* AppDelegate.m */,
				B37CA1CB1AE1FEF400F42837 /* LoginViewController.h */,
				B37CA1CC1AE1FEF400F42837 /* LoginViewController.m */,
				B37CA1A01AE1FD7800F42837 /* Main.storyboard */,
				B37CA1CE1AE2005E00F42837 /* Images.xcassets */,
				B37CA1D01AE2012400F42837 /* Header.h */,
				B36DC1221B6888D000402EC5 /* Header.m */,
				B37CA1A51AE1FD7800F42837 /* LaunchScreen.xib */,
				B3ADB6001C0D619600507791 /* Contact1.xcdatamodel */,
				B37CA19A1AE1FD7800F42837 /* yghy.xcdatamodeld */,
				B37CA1931AE1FD7800F42837 /* Supporting Files */,
				B36B0C1B1AE29649000B4F7B /* LeftViewController.h */,
				B36B0C1C1AE29649000B4F7B /* LeftViewController.m */,
				B3732D051B12B45D001D1EFA /* titleBar_bg.png */,
				B3732D071B12B620001D1EFA /* button_close.png */,
			);
			path = yghy;
			sourceTree = "<group>";
		};
		B37CA1931AE1FD7800F42837 /* Supporting Files */ = {
			isa = PBXGroup;
			children = (
				B37CA1941AE1FD7800F42837 /* Info.plist */,
				B37CA1951AE1FD7800F42837 /* main.m */,
			);
			name = "Supporting Files";
			sourceTree = "<group>";
		};
		B37CA1AF1AE1FD7800F42837 /* yghyTests */ = {
			isa = PBXGroup;
			children = (
				B37CA1B21AE1FD7800F42837 /* yghyTests.m */,
			);
			path = yghyTests;
			sourceTree = "<group>";
		};
		B37CA1B01AE1FD7800F42837 /* Supporting Files */ = {
			isa = PBXGroup;
			children = (
				B37CA1B11AE1FD7800F42837 /* Info.plist */,
			);
			name = "Supporting Files";
			path = yghyTests;
			sourceTree = "<group>";
		};
		B37CA1BE1AE1FE0000F42837 /* Resource */ = {
			isa = PBXGroup;
			children = (
				B36DC1BB1B70A9EC00402EC5 /* RefreshHeadView */,
				B31C994A1B2E9B3F00E4CC4F /* Update */,
				B33F5E901AE4EDDB0047BF73 /* YRSide */,
				B37CA1C41AE1FED000F42837 /* KeyChainItemWrapper */,
			);
			name = Resource;
			sourceTree = "<group>";
		};
		B37CA1C41AE1FED000F42837 /* KeyChainItemWrapper */ = {
			isa = PBXGroup;
			children = (
				B37CA1C81AE1FEE800F42837 /* KeychainItemWrapper.h */,
				B37CA1C91AE1FEE800F42837 /* KeychainItemWrapper.m */,
			);
			name = KeyChainItemWrapper;
			sourceTree = "<group>";
		};
/* End PBXGroup section */

/* Begin PBXNativeTarget section */
		B37CA18F1AE1FD7800F42837 /* yghy */ = {
			isa = PBXNativeTarget;
			buildConfigurationList = B37CA1B61AE1FD7800F42837 /* Build configuration list for PBXNativeTarget "yghy" */;
			buildPhases = (
				B37CA18C1AE1FD7800F42837 /* Sources */,
				B37CA18D1AE1FD7800F42837 /* Frameworks */,
				B37CA18E1AE1FD7800F42837 /* Resources */,
				B35B1BD31BAAA9D600458493 /* Embed Frameworks */,
			);
			buildRules = (
			);
			dependencies = (
			);
			name = yghy;
			productName = yghy;
			productReference = B37CA1901AE1FD7800F42837 /* 云港海运.app */;
			productType = "com.apple.product-type.application";
		};
/* End PBXNativeTarget section */

/* Begin PBXProject section */
		B37CA1881AE1FD7800F42837 /* Project object */ = {
			isa = PBXProject;
			attributes = {
				LastUpgradeCheck = 0700;
				ORGANIZATIONNAME = zhangchao;
				TargetAttributes = {
					B37CA18F1AE1FD7800F42837 = {
						CreatedOnToolsVersion = 6.3;
						DevelopmentTeam = 29TSL4289R;
					};
				};
			};
			buildConfigurationList = B37CA18B1AE1FD7800F42837 /* Build configuration list for PBXProject "yghy" */;
			compatibilityVersion = "Xcode 3.2";
			developmentRegion = English;
			hasScannedForEncodings = 0;
			knownRegions = (
				en,
				Base,
			);
			mainGroup = B37CA1871AE1FD7800F42837;
			productRefGroup = B37CA1911AE1FD7800F42837 /* Products */;
			projectDirPath = "";
			projectRoot = "";
			targets = (
				B37CA18F1AE1FD7800F42837 /* yghy */,
			);
		};
/* End PBXProject section */

/* Begin PBXResourcesBuildPhase section */
		B37CA18E1AE1FD7800F42837 /* Resources */ = {
			isa = PBXResourcesBuildPhase;
			buildActionMask = 2147483647;
			files = (
				B3732D081B12B620001D1EFA /* button_close.png in Resources */,
				B37CA1A21AE1FD7800F42837 /* Main.storyboard in Resources */,
				B37CA1CF1AE2005E00F42837 /* Images.xcassets in Resources */,
				B3732D061B12B45D001D1EFA /* titleBar_bg.png in Resources */,
				B3CB0DE91B82DBFF00C1CEAE /* ReadMe.strings in Resources */,
				B37CA1A71AE1FD7800F42837 /* LaunchScreen.xib in Resources */,
			);
			runOnlyForDeploymentPostprocessing = 0;
		};
/* End PBXResourcesBuildPhase section */

/* Begin PBXSourcesBuildPhase section */
		B37CA18C1AE1FD7800F42837 /* Sources */ = {
			isa = PBXSourcesBuildPhase;
			buildActionMask = 2147483647;
			files = (
				B31C98F41B2E6ACE00E4CC4F /* Update.m in Sources */,
				B37CA1991AE1FD7800F42837 /* AppDelegate.m in Sources */,
				B36DC13E1B704E6900402EC5 /* MessageListButtonNoCount.m in Sources */,
				B36B0C1E1AE29649000B4F7B /* LeftViewController.m in Sources */,
				B36DC1271B68B67500402EC5 /* MainViewController.m in Sources */,
				B3CB0DE51B82DBFF00C1CEAE /* CLLRefreshCircleView.m in Sources */,
				B32ABB581AEF34320030DD3C /* YRSideViewController.m in Sources */,
				B3CB0DE61B82DBFF00C1CEAE /* CLLRefreshFooterView.m in Sources */,
				B36DC11D1B68862200402EC5 /* MessageClassButton.m in Sources */,
				B36DC1CF1B70AACF00402EC5 /* ExcelListTableViewController.m in Sources */,
				B3CB0DE81B82DBFF00C1CEAE /* CLLRefreshHeadView.m in Sources */,
				B36DC11E1B68862200402EC5 /* MessageListButton.m in Sources */,
				B3ADB6011C0D619600507791 /* Contact1.xcdatamodel in Sources */,
				B37CA1961AE1FD7800F42837 /* main.m in Sources */,
				B37248711B4B621200A4CE6D /* OAViewController.m in Sources */,
				B3CB0DE71B82DBFF00C1CEAE /* CLLRefreshHeadController.m in Sources */,
				B36DC1D21B71A38E00402EC5 /* NewsListTableViewController.m in Sources */,
				B37CA19C1AE1FD7800F42837 /* yghy.xcdatamodeld in Sources */,
				B36DC11C1B68862200402EC5 /* MessageButton.m in Sources */,
				B36DC1231B6888D000402EC5 /* Header.m in Sources */,
				B37CA1CD1AE1FEF400F42837 /* LoginViewController.m in Sources */,
				B37CA1CA1AE1FEE800F42837 /* KeychainItemWrapper.m in Sources */,
				B37CA1D31AE2140D00F42837 /* IndexViewController.m in Sources */,
			);
			runOnlyForDeploymentPostprocessing = 0;
		};
/* End PBXSourcesBuildPhase section */

/* Begin PBXVariantGroup section */
		B37CA1A01AE1FD7800F42837 /* Main.storyboard */ = {
			isa = PBXVariantGroup;
			children = (
				B37CA1A11AE1FD7800F42837 /* Base */,
			);
			name = Main.storyboard;
			sourceTree = "<group>";
		};
		B37CA1A51AE1FD7800F42837 /* LaunchScreen.xib */ = {
			isa = PBXVariantGroup;
			children = (
				B37CA1A61AE1FD7800F42837 /* Base */,
			);
			name = LaunchScreen.xib;
			sourceTree = "<group>";
		};
/* End PBXVariantGroup section */

/* Begin XCBuildConfiguration section */
		B37CA1B41AE1FD7800F42837 /* Debug */ = {
			isa = XCBuildConfiguration;
			buildSettings = {
				ALWAYS_SEARCH_USER_PATHS = NO;
				CLANG_CXX_LANGUAGE_STANDARD = "gnu++0x";
				CLANG_CXX_LIBRARY = "libc++";
				CLANG_ENABLE_MODULES = YES;
				CLANG_ENABLE_OBJC_ARC = YES;
				CLANG_WARN_BOOL_CONVERSION = YES;
				CLANG_WARN_CONSTANT_CONVERSION = YES;
				CLANG_WARN_DIRECT_OBJC_ISA_USAGE = YES_ERROR;
				CLANG_WARN_EMPTY_BODY = YES;
				CLANG_WARN_ENUM_CONVERSION = YES;
				CLANG_WARN_INT_CONVERSION = YES;
				CLANG_WARN_OBJC_ROOT_CLASS = YES_ERROR;
				CLANG_WARN_UNREACHABLE_CODE = YES;
				CLANG_WARN__DUPLICATE_METHOD_MATCH = YES;
				"CODE_SIGN_IDENTITY[sdk=iphoneos*]" = "iPhone Developer";
				COPY_PHASE_STRIP = NO;
				DEBUG_INFORMATION_FORMAT = "dwarf-with-dsym";
				ENABLE_STRICT_OBJC_MSGSEND = YES;
				ENABLE_TESTABILITY = YES;
				GCC_C_LANGUAGE_STANDARD = gnu99;
				GCC_DYNAMIC_NO_PIC = NO;
				GCC_NO_COMMON_BLOCKS = YES;
				GCC_OPTIMIZATION_LEVEL = 0;
				GCC_PREPROCESSOR_DEFINITIONS = (
					"DEBUG=1",
					"$(inherited)",
				);
				GCC_SYMBOLS_PRIVATE_EXTERN = NO;
				GCC_WARN_64_TO_32_BIT_CONVERSION = YES;
				GCC_WARN_ABOUT_RETURN_TYPE = YES_ERROR;
				GCC_WARN_UNDECLARED_SELECTOR = YES;
				GCC_WARN_UNINITIALIZED_AUTOS = YES_AGGRESSIVE;
				GCC_WARN_UNUSED_FUNCTION = YES;
				GCC_WARN_UNUSED_VARIABLE = YES;
				IPHONEOS_DEPLOYMENT_TARGET = 8.3;
				MTL_ENABLE_DEBUG_INFO = YES;
				ONLY_ACTIVE_ARCH = YES;
				SDKROOT = iphoneos;
				TARGETED_DEVICE_FAMILY = "1,2";
			};
			name = Debug;
		};
		B37CA1B51AE1FD7800F42837 /* Release */ = {
			isa = XCBuildConfiguration;
			buildSettings = {
				ALWAYS_SEARCH_USER_PATHS = NO;
				CLANG_CXX_LANGUAGE_STANDARD = "gnu++0x";
				CLANG_CXX_LIBRARY = "libc++";
				CLANG_ENABLE_MODULES = YES;
				CLANG_ENABLE_OBJC_ARC = YES;
				CLANG_WARN_BOOL_CONVERSION = YES;
				CLANG_WARN_CONSTANT_CONVERSION = YES;
				CLANG_WARN_DIRECT_OBJC_ISA_USAGE = YES_ERROR;
				CLANG_WARN_EMPTY_BODY = YES;
				CLANG_WARN_ENUM_CONVERSION = YES;
				CLANG_WARN_INT_CONVERSION = YES;
				CLANG_WARN_OBJC_ROOT_CLASS = YES_ERROR;
				CLANG_WARN_UNREACHABLE_CODE = YES;
				CLANG_WARN__DUPLICATE_METHOD_MATCH = YES;
				"CODE_SIGN_IDENTITY[sdk=iphoneos*]" = "iPhone Developer";
				COPY_PHASE_STRIP = NO;
				DEBUG_INFORMATION_FORMAT = "dwarf-with-dsym";
				ENABLE_NS_ASSERTIONS = NO;
				ENABLE_STRICT_OBJC_MSGSEND = YES;
				GCC_C_LANGUAGE_STANDARD = gnu99;
				GCC_NO_COMMON_BLOCKS = YES;
				GCC_WARN_64_TO_32_BIT_CONVERSION = YES;
				GCC_WARN_ABOUT_RETURN_TYPE = YES_ERROR;
				GCC_WARN_UNDECLARED_SELECTOR = YES;
				GCC_WARN_UNINITIALIZED_AUTOS = YES_AGGRESSIVE;
				GCC_WARN_UNUSED_FUNCTION = YES;
				GCC_WARN_UNUSED_VARIABLE = YES;
				IPHONEOS_DEPLOYMENT_TARGET = 8.3;
				MTL_ENABLE_DEBUG_INFO = NO;
				SDKROOT = iphoneos;
				TARGETED_DEVICE_FAMILY = "1,2";
				VALIDATE_PRODUCT = YES;
			};
			name = Release;
		};
		B37CA1B71AE1FD7800F42837 /* Debug */ = {
			isa = XCBuildConfiguration;
			buildSettings = {
				ASSETCATALOG_COMPILER_APPICON_NAME = AppIcon;
				ASSETCATALOG_COMPILER_LAUNCHIMAGE_NAME = LaunchImage;
				CODE_SIGN_IDENTITY = "iPhone Distribution: Lianyungang Port Group Communications and Information Engineering Company";
				"CODE_SIGN_IDENTITY[sdk=iphoneos*]" = "iPhone Distribution: Lianyungang Port Group Communications and Information Engineering Company";
				INFOPLIST_FILE = yghy/Info.plist;
				IPHONEOS_DEPLOYMENT_TARGET = 8.0;
				LD_RUNPATH_SEARCH_PATHS = "$(inherited) @executable_path/Frameworks";
				LIBRARY_SEARCH_PATHS = (
					"$(inherited)",
					"$(PROJECT_DIR)/yghy",
				);
				PRODUCT_BUNDLE_IDENTIFIER = com.lyg.yghy;
				PRODUCT_NAME = "云港海运";
				PROVISIONING_PROFILE = "";
			};
			name = Debug;
		};
		B37CA1B81AE1FD7800F42837 /* Release */ = {
			isa = XCBuildConfiguration;
			buildSettings = {
				ASSETCATALOG_COMPILER_APPICON_NAME = AppIcon;
				ASSETCATALOG_COMPILER_LAUNCHIMAGE_NAME = LaunchImage;
				CODE_SIGN_IDENTITY = "iPhone Distribution: Lianyungang Port Group Communications and Information Engineering Company";
				"CODE_SIGN_IDENTITY[sdk=iphoneos*]" = "iPhone Distribution: Lianyungang Port Group Communications and Information Engineering Company";
				INFOPLIST_FILE = yghy/Info.plist;
				IPHONEOS_DEPLOYMENT_TARGET = 8.0;
				LD_RUNPATH_SEARCH_PATHS = "$(inherited) @executable_path/Frameworks";
				LIBRARY_SEARCH_PATHS = (
					"$(inherited)",
					"$(PROJECT_DIR)/yghy",
				);
				ONLY_ACTIVE_ARCH = YES;
				PRODUCT_BUNDLE_IDENTIFIER = com.lyg.yghy;
				PRODUCT_NAME = "云港海运";
				PROVISIONING_PROFILE = "";
			};
			name = Release;
		};
/* End XCBuildConfiguration section */

/* Begin XCConfigurationList section */
		B37CA18B1AE1FD7800F42837 /* Build configuration list for PBXProject "yghy" */ = {
			isa = XCConfigurationList;
			buildConfigurations = (
				B37CA1B41AE1FD7800F42837 /* Debug */,
				B37CA1B51AE1FD7800F42837 /* Release */,
			);
			defaultConfigurationIsVisible = 0;
			defaultConfigurationName = Release;
		};
		B37CA1B61AE1FD7800F42837 /* Build configuration list for PBXNativeTarget "yghy" */ = {
			isa = XCConfigurationList;
			buildConfigurations = (
				B37CA1B71AE1FD7800F42837 /* Debug */,
				B37CA1B81AE1FD7800F42837 /* Release */,
			);
			defaultConfigurationIsVisible = 0;
			defaultConfigurationName = Release;
		};
/* End XCConfigurationList section */

/* Begin XCVersionGroup section */
		B37CA19A1AE1FD7800F42837 /* yghy.xcdatamodeld */ = {
			isa = XCVersionGroup;
			children = (
				B37CA19B1AE1FD7800F42837 /* yghy.xcdatamodel */,
			);
			currentVersion = B37CA19B1AE1FD7800F42837 /* yghy.xcdatamodel */;
			path = yghy.xcdatamodeld;
			sourceTree = "<group>";
			versionGroupType = wrapper.xcdatamodel;
		};
/* End XCVersionGroup section */
	};
	rootObject = B37CA1881AE1FD7800F42837 /* Project object */;
}
